// !$*UTF8*$!
{
	archiveVersion = 1;
	classes = {
	};
	objectVersion = 50;
	objects = {

/* Begin PBXBuildFile section */
		7950761E2133F3870051B366 /* AppDelegate.swift in Sources */ = {isa = PBXBuildFile; fileRef = 7950761D2133F3870051B366 /* AppDelegate.swift */; };
		795076202133F3870051B366 /* ViewController.swift in Sources */ = {isa = PBXBuildFile; fileRef = 7950761F2133F3870051B366 /* ViewController.swift */; };
		795076232133F3870051B366 /* Main.storyboard in Resources */ = {isa = PBXBuildFile; fileRef = 795076212133F3870051B366 /* Main.storyboard */; };
		795076252133F38F0051B366 /* Assets.xcassets in Resources */ = {isa = PBXBuildFile; fileRef = 795076242133F38F0051B366 /* Assets.xcassets */; };
		795076282133F3900051B366 /* LaunchScreen.storyboard in Resources */ = {isa = PBXBuildFile; fileRef = 795076262133F3900051B366 /* LaunchScreen.storyboard */; };
		795076332133F3900051B366 /* EWDatePickerTests.swift in Sources */ = {isa = PBXBuildFile; fileRef = 795076322133F3900051B366 /* EWDatePickerTests.swift */; };
		7950763E2133F3900051B366 /* EWDatePickerUITests.swift in Sources */ = {isa = PBXBuildFile; fileRef = 7950763D2133F3900051B366 /* EWDatePickerUITests.swift */; };
		7950764C2133F4650051B366 /* EWDatePickerViewController.swift in Sources */ = {isa = PBXBuildFile; fileRef = 7950764B2133F4650051B366 /* EWDatePickerViewController.swift */; };
		7950764E2133F66C0051B366 /* EWDataPickerPresentAnimated.swift in Sources */ = {isa = PBXBuildFile; fileRef = 7950764D2133F66C0051B366 /* EWDataPickerPresentAnimated.swift */; };
		795076502133FC7F0051B366 /* CommonHelper.swift in Sources */ = {isa = PBXBuildFile; fileRef = 7950764F2133FC7F0051B366 /* CommonHelper.swift */; };
/* End PBXBuildFile section */

/* Begin PBXContainerItemProxy section */
		7950762F2133F3900051B366 /* PBXContainerItemProxy */ = {
			isa = PBXContainerItemProxy;
			containerPortal = 795076122133F3870051B366 /* Project object */;
			proxyType = 1;
			remoteGlobalIDString = 795076192133F3870051B366;
			remoteInfo = EWDatePicker;
		};
		7950763A2133F3900051B366 /* PBXContainerItemProxy */ = {
			isa = PBXContainerItemProxy;
			containerPortal = 795076122133F3870051B366 /* Project object */;
			proxyType = 1;
			remoteGlobalIDString = 795076192133F3870051B366;
			remoteInfo = EWDatePicker;
		};
/* End PBXContainerItemProxy section */

/* Begin PBXFileReference section */
		7950761A2133F3870051B366 /* EWDatePicker.app */ = {isa = PBXFileReference; explicitFileType = wrapper.application; includeInIndex = 0; path = EWDatePicker.app; sourceTree = BUILT_PRODUCTS_DIR; };
		7950761D2133F3870051B366 /* AppDelegate.swift */ = {isa = PBXFileReference; lastKnownFileType = sourcecode.swift; path = AppDelegate.swift; sourceTree = "<group>"; };
		7950761F2133F3870051B366 /* ViewController.swift */ = {isa = PBXFileReference; lastKnownFileType = sourcecode.swift; path = ViewController.swift; sourceTree = "<group>"; };
		795076222133F3870051B366 /* Base */ = {isa = PBXFileReference; lastKnownFileType = file.storyboard; name = Base; path = Base.lproj/Main.storyboard; sourceTree = "<group>"; };
		795076242133F38F0051B366 /* Assets.xcassets */ = {isa = PBXFileReference; lastKnownFileType = folder.assetcatalog; path = Assets.xcassets; sourceTree = "<group>"; };
		795076272133F3900051B366 /* Base */ = {isa = PBXFileReference; lastKnownFileType = file.storyboard; name = Base; path = Base.lproj/LaunchScreen.storyboard; sourceTree = "<group>"; };
		795076292133F3900051B366 /* Info.plist */ = {isa = PBXFileReference; lastKnownFileType = text.plist.xml; path = Info.plist; sourceTree = "<group>"; };
		7950762E2133F3900051B366 /* EWDatePickerTests.xctest */ = {isa = PBXFileReference; explicitFileType = wrapper.cfbundle; includeInIndex = 0; path = EWDatePickerTests.xctest; sourceTree = BUILT_PRODUCTS_DIR; };
		795076322133F3900051B366 /* EWDatePickerTests.swift */ = {isa = PBXFileReference; lastKnownFileType = sourcecode.swift; path = EWDatePickerTests.swift; sourceTree = "<group>"; };
		795076342133F3900051B366 /* Info.plist */ = {isa = PBXFileReference; lastKnownFileType = text.plist.xml; path = Info.plist; sourceTree = "<group>"; };
		795076392133F3900051B366 /* EWDatePickerUITests.xctest */ = {isa = PBXFileReference; explicitFileType = wrapper.cfbundle; includeInIndex = 0; path = EWDatePickerUITests.xctest; sourceTree = BUILT_PRODUCTS_DIR; };
		7950763D2133F3900051B366 /* EWDatePickerUITests.swift */ = {isa = PBXFileReference; lastKnownFileType = sourcecode.swift; path = EWDatePickerUITests.swift; sourceTree = "<group>"; };
		7950763F2133F3900051B366 /* Info.plist */ = {isa = PBXFileReference; lastKnownFileType = text.plist.xml; path = Info.plist; sourceTree = "<group>"; };
		7950764B2133F4650051B366 /* EWDatePickerViewController.swift */ = {isa = PBXFileReference; lastKnownFileType = sourcecode.swift; path = EWDatePickerViewController.swift; sourceTree = "<group>"; };
		7950764D2133F66C0051B366 /* EWDataPickerPresentAnimated.swift */ = {isa = PBXFileReference; lastKnownFileType = sourcecode.swift; path = EWDataPickerPresentAnimated.swift; sourceTree = "<group>"; };
		7950764F2133FC7F0051B366 /* CommonHelper.swift */ = {isa = PBXFileReference; lastKnownFileType = sourcecode.swift; path = CommonHelper.swift; sourceTree = "<group>"; };
/* End PBXFileReference section */

/* Begin PBXFrameworksBuildPhase section */
		795076172133F3870051B366 /* Frameworks */ = {
			isa = PBXFrameworksBuildPhase;
			buildActionMask = 2147483647;
			files = (
			);
			runOnlyForDeploymentPostprocessing = 0;
		};
		7950762B2133F3900051B366 /* Frameworks */ = {
			isa = PBXFrameworksBuildPhase;
			buildActionMask = 2147483647;
			files = (
			);
			runOnlyForDeploymentPostprocessing = 0;
		};
		795076362133F3900051B366 /* Frameworks */ = {
			isa = PBXFrameworksBuildPhase;
			buildActionMask = 2147483647;
			files = (
			);
			runOnlyForDeploymentPostprocessing = 0;
		};
/* End PBXFrameworksBuildPhase section */

/* Begin PBXGroup section */
		795076112133F3870051B366 = {
			isa = PBXGroup;
			children = (
				7950761C2133F3870051B366 /* EWDatePicker */,
				795076312133F3900051B366 /* EWDatePickerTests */,
				7950763C2133F3900051B366 /* EWDatePickerUITests */,
				7950761B2133F3870051B366 /* Products */,
			);
			sourceTree = "<group>";
		};
		7950761B2133F3870051B366 /* Products */ = {
			isa = PBXGroup;
			children = (
				7950761A2133F3870051B366 /* EWDatePicker.app */,
				7950762E2133F3900051B366 /* EWDatePickerTests.xctest */,
				795076392133F3900051B366 /* EWDatePickerUITests.xctest */,
			);
			name = Products;
			sourceTree = "<group>";
		};
		7950761C2133F3870051B366 /* EWDatePicker */ = {
			isa = PBXGroup;
			children = (
				7950764F2133FC7F0051B366 /* CommonHelper.swift */,
				7950761D2133F3870051B366 /* AppDelegate.swift */,
				7950761F2133F3870051B366 /* ViewController.swift */,
				7950764B2133F4650051B366 /* EWDatePickerViewController.swift */,
				7950764D2133F66C0051B366 /* EWDataPickerPresentAnimated.swift */,
				795076212133F3870051B366 /* Main.storyboard */,
				795076242133F38F0051B366 /* Assets.xcassets */,
				795076262133F3900051B366 /* LaunchScreen.storyboard */,
				795076292133F3900051B366 /* Info.plist */,
			);
			path = EWDatePicker;
			sourceTree = "<group>";
		};
		795076312133F3900051B366 /* EWDatePickerTests */ = {
			isa = PBXGroup;
			children = (
				795076322133F3900051B366 /* EWDatePickerTests.swift */,
				795076342133F3900051B366 /* Info.plist */,
			);
			path = EWDatePickerTests;
			sourceTree = "<group>";
		};
		7950763C2133F3900051B366 /* EWDatePickerUITests */ = {
			isa = PBXGroup;
			children = (
				7950763D2133F3900051B366 /* EWDatePickerUITests.swift */,
				7950763F2133F3900051B366 /* Info.plist */,
			);
			path = EWDatePickerUITests;
			sourceTree = "<group>";
		};
/* End PBXGroup section */

/* Begin PBXNativeTarget section */
		795076192133F3870051B366 /* EWDatePicker */ = {
			isa = PBXNativeTarget;
			buildConfigurationList = 795076422133F3900051B366 /* Build configuration list for PBXNativeTarget "EWDatePicker" */;
			buildPhases = (
				795076162133F3870051B366 /* Sources */,
				795076172133F3870051B366 /* Frameworks */,
				795076182133F3870051B366 /* Resources */,
			);
			buildRules = (
			);
			dependencies = (
			);
			name = EWDatePicker;
			productName = EWDatePicker;
			productReference = 7950761A2133F3870051B366 /* EWDatePicker.app */;
			productType = "com.apple.product-type.application";
		};
		7950762D2133F3900051B366 /* EWDatePickerTests */ = {
			isa = PBXNativeTarget;
			buildConfigurationList = 795076452133F3900051B366 /* Build configuration list for PBXNativeTarget "EWDatePickerTests" */;
			buildPhases = (
				7950762A2133F3900051B366 /* Sources */,
				7950762B2133F3900051B366 /* Frameworks */,
				7950762C2133F3900051B366 /* Resources */,
			);
			buildRules = (
			);
			dependencies = (
				795076302133F3900051B366 /* PBXTargetDependency */,
			);
			name = EWDatePickerTests;
			productName = EWDatePickerTests;
			productReference = 7950762E2133F3900051B366 /* EWDatePickerTests.xctest */;
			productType = "com.apple.product-type.bundle.unit-test";
		};
		795076382133F3900051B366 /* EWDatePickerUITests */ = {
			isa = PBXNativeTarget;
			buildConfigurationList = 795076482133F3900051B366 /* Build configuration list for PBXNativeTarget "EWDatePickerUITests" */;
			buildPhases = (
				795076352133F3900051B366 /* Sources */,
				795076362133F3900051B366 /* Frameworks */,
				795076372133F3900051B366 /* Resources */,
			);
			buildRules = (
			);
			dependencies = (
				7950763B2133F3900051B366 /* PBXTargetDependency */,
			);
			name = EWDatePickerUITests;
			productName = EWDatePickerUITests;
			productReference = 795076392133F3900051B366 /* EWDatePickerUITests.xctest */;
			productType = "com.apple.product-type.bundle.ui-testing";
		};
/* End PBXNativeTarget section */

/* Begin PBXProject section */
		795076122133F3870051B366 /* Project object */ = {
			isa = PBXProject;
			attributes = {
				CLASSPREFIX = EW;
				LastSwiftUpdateCheck = 0940;
				LastUpgradeCheck = 0940;
				ORGANIZATIONNAME = Ethan;
				TargetAttributes = {
					795076192133F3870051B366 = {
						CreatedOnToolsVersion = 9.4.1;
						LastSwiftMigration = 1000;
					};
					7950762D2133F3900051B366 = {
						CreatedOnToolsVersion = 9.4.1;
						LastSwiftMigration = 1000;
						TestTargetID = 795076192133F3870051B366;
					};
					795076382133F3900051B366 = {
						CreatedOnToolsVersion = 9.4.1;
						LastSwiftMigration = 1000;
						TestTargetID = 795076192133F3870051B366;
					};
				};
			};
			buildConfigurationList = 795076152133F3870051B366 /* Build configuration list for PBXProject "EWDatePicker" */;
			compatibilityVersion = "Xcode 9.3";
			developmentRegion = en;
			hasScannedForEncodings = 0;
			knownRegions = (
				en,
				Base,
			);
			mainGroup = 795076112133F3870051B366;
			productRefGroup = 7950761B2133F3870051B366 /* Products */;
			projectDirPath = "";
			projectRoot = "";
			targets = (
				795076192133F3870051B366 /* EWDatePicker */,
				7950762D2133F3900051B366 /* EWDatePickerTests */,
				795076382133F3900051B366 /* EWDatePickerUITests */,
			);
		};
/* End PBXProject section */

/* Begin PBXResourcesBuildPhase section */
		795076182133F3870051B366 /* Resources */ = {
			isa = PBXResourcesBuildPhase;
			buildActionMask = 2147483647;
			files = (
				795076282133F3900051B366 /* LaunchScreen.storyboard in Resources */,
				795076252133F38F0051B366 /* Assets.xcassets in Resources */,
				795076232133F3870051B366 /* Main.storyboard in Resources */,
			);
			runOnlyForDeploymentPostprocessing = 0;
		};
		7950762C2133F3900051B366 /* Resources */ = {
			isa = PBXResourcesBuildPhase;
			buildActionMask = 2147483647;
			files = (
			);
			runOnlyForDeploymentPostprocessing = 0;
		};
		795076372133F3900051B366 /* Resources */ = {
			isa = PBXResourcesBuildPhase;
			buildActionMask = 2147483647;
			files = (
			);
			runOnlyForDeploymentPostprocessing = 0;
		};
/* End PBXResourcesBuildPhase section */

/* Begin PBXSourcesBuildPhase section */
		795076162133F3870051B366 /* Sources */ = {
			isa = PBXSourcesBuildPhase;
			buildActionMask = 2147483647;
			files = (
				7950764E2133F66C0051B366 /* EWDataPickerPresentAnimated.swift in Sources */,
				795076502133FC7F0051B366 /* CommonHelper.swift in Sources */,
				795076202133F3870051B366 /* ViewController.swift in Sources */,
				7950764C2133F4650051B366 /* EWDatePickerViewController.swift in Sources */,
				7950761E2133F3870051B366 /* AppDelegate.swift in Sources */,
			);
			runOnlyForDeploymentPostprocessing = 0;
		};
		7950762A2133F3900051B366 /* Sources */ = {
			isa = PBXSourcesBuildPhase;
			buildActionMask = 2147483647;
			files = (
				795076332133F3900051B366 /* EWDatePickerTests.swift in Sources */,
			);
			runOnlyForDeploymentPostprocessing = 0;
		};
		795076352133F3900051B366 /* Sources */ = {
			isa = PBXSourcesBuildPhase;
			buildActionMask = 2147483647;
			files = (
				7950763E2133F3900051B366 /* EWDatePickerUITests.swift in Sources */,
			);
			runOnlyForDeploymentPostprocessing = 0;
		};
/* End PBXSourcesBuildPhase section */

/* Begin PBXTargetDependency section */
		795076302133F3900051B366 /* PBXTargetDependency */ = {
			isa = PBXTargetDependency;
			target = 795076192133F3870051B366 /* EWDatePicker */;
			targetProxy = 7950762F2133F3900051B366 /* PBXContainerItemProxy */;
		};
		7950763B2133F3900051B366 /* PBXTargetDependency */ = {
			isa = PBXTargetDependency;
			target = 795076192133F3870051B366 /* EWDatePicker */;
			targetProxy = 7950763A2133F3900051B366 /* PBXContainerItemProxy */;
		};
/* End PBXTargetDependency section */

/* Begin PBXVariantGroup section */
		795076212133F3870051B366 /* Main.storyboard */ = {
			isa = PBXVariantGroup;
			children = (
				795076222133F3870051B366 /* Base */,
			);
			name = Main.storyboard;
			sourceTree = "<group>";
		};
		795076262133F3900051B366 /* LaunchScreen.storyboard */ = {
			isa = PBXVariantGroup;
			children = (
				795076272133F3900051B366 /* Base */,
			);
			name = LaunchScreen.storyboard;
			sourceTree = "<group>";
		};
/* End PBXVariantGroup section */

/* Begin XCBuildConfiguration section */
		795076402133F3900051B366 /* Debug */ = {
			isa = XCBuildConfiguration;
			buildSettings = {
				ALWAYS_SEARCH_USER_PATHS = NO;
				CLANG_ANALYZER_NONNULL = YES;
				CLANG_ANALYZER_NUMBER_OBJECT_CONVERSION = YES_AGGRESSIVE;
				CLANG_CXX_LANGUAGE_STANDARD = "gnu++14";
				CLANG_CXX_LIBRARY = "libc++";
				CLANG_ENABLE_MODULES = YES;
				CLANG_ENABLE_OBJC_ARC = YES;
				CLANG_ENABLE_OBJC_WEAK = YES;
				CLANG_WARN_BLOCK_CAPTURE_AUTORELEASING = YES;
				CLANG_WARN_BOOL_CONVERSION = YES;
				CLANG_WARN_COMMA = YES;
				CLANG_WARN_CONSTANT_CONVERSION = YES;
				CLANG_WARN_DEPRECATED_OBJC_IMPLEMENTATIONS = YES;
				CLANG_WARN_DIRECT_OBJC_ISA_USAGE = YES_ERROR;
				CLANG_WARN_DOCUMENTATION_COMMENTS = YES;
				CLANG_WARN_EMPTY_BODY = YES;
				CLANG_WARN_ENUM_CONVERSION = YES;
				CLANG_WARN_INFINITE_RECURSION = YES;
				CLANG_WARN_INT_CONVERSION = YES;
				CLANG_WARN_NON_LITERAL_NULL_CONVERSION = YES;
				CLANG_WARN_OBJC_IMPLICIT_RETAIN_SELF = YES;
				CLANG_WARN_OBJC_LITERAL_CONVERSION = YES;
				CLANG_WARN_OBJC_ROOT_CLASS = YES_ERROR;
				CLANG_WARN_RANGE_LOOP_ANALYSIS = YES;
				CLANG_WARN_STRICT_PROTOTYPES = YES;
				CLANG_WARN_SUSPICIOUS_MOVE = YES;
				CLANG_WARN_UNGUARDED_AVAILABILITY = YES_AGGRESSIVE;
				CLANG_WARN_UNREACHABLE_CODE = YES;
				CLANG_WARN__DUPLICATE_METHOD_MATCH = YES;
				CODE_SIGN_IDENTITY = "iPhone Developer";
				COPY_PHASE_STRIP = NO;
				DEBUG_INFORMATION_FORMAT = dwarf;
				ENABLE_STRICT_OBJC_MSGSEND = YES;
				ENABLE_TESTABILITY = YES;
				GCC_C_LANGUAGE_STANDARD = gnu11;
				GCC_DYNAMIC_NO_PIC = NO;
				GCC_NO_COMMON_BLOCKS = YES;
				GCC_OPTIMIZATION_LEVEL = 0;
				GCC_PREPROCESSOR_DEFINITIONS = (
					"DEBUG=1",
					"$(inherited)",
				);
				GCC_WARN_64_TO_32_BIT_CONVERSION = YES;
				GCC_WARN_ABOUT_RETURN_TYPE = YES_ERROR;
				GCC_WARN_UNDECLARED_SELECTOR = YES;
				GCC_WARN_UNINITIALIZED_AUTOS = YES_AGGRESSIVE;
				GCC_WARN_UNUSED_FUNCTION = YES;
				GCC_WARN_UNUSED_VARIABLE = YES;
				IPHONEOS_DEPLOYMENT_TARGET = 11.4;
				MTL_ENABLE_DEBUG_INFO = YES;
				ONLY_ACTIVE_ARCH = YES;
				SDKROOT = iphoneos;
				SWIFT_ACTIVE_COMPILATION_CONDITIONS = DEBUG;
				SWIFT_OPTIMIZATION_LEVEL = "-Onone";
			};
			name = Debug;
		};
		795076412133F3900051B366 /* Release */ = {
			isa = XCBuildConfiguration;
			buildSettings = {
				ALWAYS_SEARCH_USER_PATHS = NO;
				CLANG_ANALYZER_NONNULL = YES;
				CLANG_ANALYZER_NUMBER_OBJECT_CONVERSION = YES_AGGRESSIVE;
				CLANG_CXX_LANGUAGE_STANDARD = "gnu++14";
				CLANG_CXX_LIBRARY = "libc++";
				CLANG_ENABLE_MODULES = YES;
				CLANG_ENABLE_OBJC_ARC = YES;
				CLANG_ENABLE_OBJC_WEAK = YES;
				CLANG_WARN_BLOCK_CAPTURE_AUTORELEASING = YES;
				CLANG_WARN_BOOL_CONVERSION = YES;
				CLANG_WARN_COMMA = YES;
				CLANG_WARN_CONSTANT_CONVERSION = YES;
				CLANG_WARN_DEPRECATED_OBJC_IMPLEMENTATIONS = YES;
				CLANG_WARN_DIRECT_OBJC_ISA_USAGE = YES_ERROR;
				CLANG_WARN_DOCUMENTATION_COMMENTS = YES;
				CLANG_WARN_EMPTY_BODY = YES;
				CLANG_WARN_ENUM_CONVERSION = YES;
				CLANG_WARN_INFINITE_RECURSION = YES;
				CLANG_WARN_INT_CONVERSION = YES;
				CLANG_WARN_NON_LITERAL_NULL_CONVERSION = YES;
				CLANG_WARN_OBJC_IMPLICIT_RETAIN_SELF = YES;
				CLANG_WARN_OBJC_LITERAL_CONVERSION = YES;
				CLANG_WARN_OBJC_ROOT_CLASS = YES_ERROR;
				CLANG_WARN_RANGE_LOOP_ANALYSIS = YES;
				CLANG_WARN_STRICT_PROTOTYPES = YES;
				CLANG_WARN_SUSPICIOUS_MOVE = YES;
				CLANG_WARN_UNGUARDED_AVAILABILITY = YES_AGGRESSIVE;
				CLANG_WARN_UNREACHABLE_CODE = YES;
				CLANG_WARN__DUPLICATE_METHOD_MATCH = YES;
				CODE_SIGN_IDENTITY = "iPhone Developer";
				COPY_PHASE_STRIP = NO;
				DEBUG_INFORMATION_FORMAT = "dwarf-with-dsym";
				ENABLE_NS_ASSERTIONS = NO;
				ENABLE_STRICT_OBJC_MSGSEND = YES;
				GCC_C_LANGUAGE_STANDARD = gnu11;
				GCC_NO_COMMON_BLOCKS = YES;
				GCC_WARN_64_TO_32_BIT_CONVERSION = YES;
				GCC_WARN_ABOUT_RETURN_TYPE = YES_ERROR;
				GCC_WARN_UNDECLARED_SELECTOR = YES;
				GCC_WARN_UNINITIALIZED_AUTOS = YES_AGGRESSIVE;
				GCC_WARN_UNUSED_FUNCTION = YES;
				GCC_WARN_UNUSED_VARIABLE = YES;
				IPHONEOS_DEPLOYMENT_TARGET = 11.4;
				MTL_ENABLE_DEBUG_INFO = NO;
				SDKROOT = iphoneos;
				SWIFT_COMPILATION_MODE = wholemodule;
				SWIFT_OPTIMIZATION_LEVEL = "-O";
				VALIDATE_PRODUCT = YES;
			};
			name = Release;
		};
		795076432133F3900051B366 /* Debug */ = {
			isa = XCBuildConfiguration;
			buildSettings = {
				ASSETCATALOG_COMPILER_APPICON_NAME = AppIcon;
				CODE_SIGN_STYLE = Automatic;
				DEVELOPMENT_TEAM = B8V4DCL3BF;
				INFOPLIST_FILE = EWDatePicker/Info.plist;
				LD_RUNPATH_SEARCH_PATHS = (
					"$(inherited)",
					"@executable_path/Frameworks",
				);
				PRODUCT_BUNDLE_IDENTIFIER = com.Ethan.EWDatePicker;
				PRODUCT_NAME = "$(TARGET_NAME)";
				SWIFT_VERSION = 4.2;
				TARGETED_DEVICE_FAMILY = "1,2";
			};
			name = Debug;
		};
		795076442133F3900051B366 /* Release */ = {
			isa = XCBuildConfiguration;
			buildSettings = {
				ASSETCATALOG_COMPILER_APPICON_NAME = AppIcon;
				CODE_SIGN_STYLE = Automatic;
				DEVELOPMENT_TEAM = B8V4DCL3BF;
				INFOPLIST_FILE = EWDatePicker/Info.plist;
				LD_RUNPATH_SEARCH_PATHS = (
					"$(inherited)",
					"@executable_path/Frameworks",
				);
				PRODUCT_BUNDLE_IDENTIFIER = com.Ethan.EWDatePicker;
				PRODUCT_NAME = "$(TARGET_NAME)";
				SWIFT_VERSION = 4.2;
				TARGETED_DEVICE_FAMILY = "1,2";
			};
			name = Release;
		};
		795076462133F3900051B366 /* Debug */ = {
			isa = XCBuildConfiguration;
			buildSettings = {
				ALWAYS_EMBED_SWIFT_STANDARD_LIBRARIES = YES;
				BUNDLE_LOADER = "$(TEST_HOST)";
				CODE_SIGN_STYLE = Automatic;
				DEVELOPMENT_TEAM = B8V4DCL3BF;
				INFOPLIST_FILE = EWDatePickerTests/Info.plist;
				LD_RUNPATH_SEARCH_PATHS = (
					"$(inherited)",
					"@executable_path/Frameworks",
					"@loader_path/Frameworks",
				);
				PRODUCT_BUNDLE_IDENTIFIER = com.Ethan.EWDatePickerTests;
				PRODUCT_NAME = "$(TARGET_NAME)";
				SWIFT_VERSION = 4.2;
				TARGETED_DEVICE_FAMILY = "1,2";
				TEST_HOST = "$(BUILT_PRODUCTS_DIR)/EWDatePicker.app/EWDatePicker";
			};
			name = Debug;
		};
		795076472133F3900051B366 /* Release */ = {
			isa = XCBuildConfiguration;
			buildSettings = {
				ALWAYS_EMBED_SWIFT_STANDARD_LIBRARIES = YES;
				BUNDLE_LOADER = "$(TEST_HOST)";
				CODE_SIGN_STYLE = Automatic;
				DEVELOPMENT_TEAM = B8V4DCL3BF;
				INFOPLIST_FILE = EWDatePickerTests/Info.plist;
				LD_RUNPATH_SEARCH_PATHS = (
					"$(inherited)",
					"@executable_path/Frameworks",
					"@loader_path/Frameworks",
				);
				PRODUCT_BUNDLE_IDENTIFIER = com.Ethan.EWDatePickerTests;
				PRODUCT_NAME = "$(TARGET_NAME)";
				SWIFT_VERSION = 4.2;
				TARGETED_DEVICE_FAMILY = "1,2";
				TEST_HOST = "$(BUILT_PRODUCTS_DIR)/EWDatePicker.app/EWDatePicker";
			};
			name = Release;
		};
		795076492133F3900051B366 /* Debug */ = {
			isa = XCBuildConfiguration;
			buildSettings = {
				ALWAYS_EMBED_SWIFT_STANDARD_LIBRARIES = YES;
				CODE_SIGN_STYLE = Automatic;
				DEVELOPMENT_TEAM = B8V4DCL3BF;
				INFOPLIST_FILE = EWDatePickerUITests/Info.plist;
				LD_RUNPATH_SEARCH_PATHS = (
					"$(inherited)",
					"@executable_path/Frameworks",
					"@loader_path/Frameworks",
				);
				PRODUCT_BUNDLE_IDENTIFIER = com.Ethan.EWDatePickerUITests;
				PRODUCT_NAME = "$(TARGET_NAME)";
				SWIFT_VERSION = 4.2;
				TARGETED_DEVICE_FAMILY = "1,2";
				TEST_TARGET_NAME = EWDatePicker;
			};
			name = Debug;
		};
		7950764A2133F3900051B366 /* Release */ = {
			isa = XCBuildConfiguration;
			buildSettings = {
				ALWAYS_EMBED_SWIFT_STANDARD_LIBRARIES = YES;
				CODE_SIGN_STYLE = Automatic;
				DEVELOPMENT_TEAM = B8V4DCL3BF;
				INFOPLIST_FILE = EWDatePickerUITests/Info.plist;
				LD_RUNPATH_SEARCH_PATHS = (
					"$(inherited)",
					"@executable_path/Frameworks",
					"@loader_path/Frameworks",
				);
				PRODUCT_BUNDLE_IDENTIFIER = com.Ethan.EWDatePickerUITests;
				PRODUCT_NAME = "$(TARGET_NAME)";
				SWIFT_VERSION = 4.2;
				TARGETED_DEVICE_FAMILY = "1,2";
				TEST_TARGET_NAME = EWDatePicker;
			};
			name = Release;
		};
/* End XCBuildConfiguration section */

/* Begin XCConfigurationList section */
		795076152133F3870051B366 /* Build configuration list for PBXProject "EWDatePicker" */ = {
			isa = XCConfigurationList;
			buildConfigurations = (
				795076402133F3900051B366 /* Debug */,
				795076412133F3900051B366 /* Release */,
			);
			defaultConfigurationIsVisible = 0;
			defaultConfigurationName = Release;
		};
		795076422133F3900051B366 /* Build configuration list for PBXNativeTarget "EWDatePicker" */ = {
			isa = XCConfigurationList;
			buildConfigurations = (
				795076432133F3900051B366 /* Debug */,
				795076442133F3900051B366 /* Release */,
			);
			defaultConfigurationIsVisible = 0;
			defaultConfigurationName = Release;
		};
		795076452133F3900051B366 /* Build configuration list for PBXNativeTarget "EWDatePickerTests" */ = {
			isa = XCConfigurationList;
			buildConfigurations = (
				795076462133F3900051B366 /* Debug */,
				795076472133F3900051B366 /* Release */,
			);
			defaultConfigurationIsVisible = 0;
			defaultConfigurationName = Release;
		};
		795076482133F3900051B366 /* Build configuration list for PBXNativeTarget "EWDatePickerUITests" */ = {
			isa = XCConfigurationList;
			buildConfigurations = (
				795076492133F3900051B366 /* Debug */,
				7950764A2133F3900051B366 /* Release */,
			);
			defaultConfigurationIsVisible = 0;
			defaultConfigurationName = Release;
		};
/* End XCConfigurationList section */
	};
	rootObject = 795076122133F3870051B366 /* Project object */;
}
